<Solution>
  <Folder Name="/Solution Items/">
    <File Path=".env" />
    <File Path="AI_MUSIC_WORKSTATION_REFERENCE.md" />
  </Folder>
  <Project Path="AiMusicWorkstation.Api/AiMusicWorkstation.Api.csproj" />
  <Project Path="AiMusicWorkstation.Application/AiMusicWorkstation.Application.csproj" />
  <Project Path="AiMusicWorkstation.Desktop/AiMusicWorkstation.Desktop.csproj" />
  <Project Path="AiMusicWorkstation.Domain/AiMusicWorkstation.Domain.csproj" />
  <Project Path="AiMusicWorkstation.Infrastructure/AiMusicWorkstation.Infrastructure.csproj" />
  <Project Path="AiMusicWorkstation.Shared/AiMusicWorkstation.Shared.csproj" />
  <Project Path="AiMusicWorkstation.Tests/AiMusicWorkstation.Tests.csproj" />
</Solution>
